PODS:
  - MFSideMenu (0.5.5)
  - ProgressHUD (2.4)

DEPENDENCIES:
  - MFSideMenu
  - ProgressHUD

SPEC CHECKSUMS:
  MFSideMenu: 268122e6894f2747fc3a2b48578100b232506c60
  ProgressHUD: 4b66b0df0e08519c5c7283a198fd2867a114c95a

PODFILE CHECKSUM: 5e0c729855e301427be09492846db8243b8594df

COCOAPODS: 1.0.1
